
Microsoft Visual Studio Solution File, Format Version 12.00
# Visual Studio Version 16
VisualStudioVersion = 16.0.30523.141
MinimumVisualStudioVersion = 10.0.40219.1
Project("{FAE04EC0-301F-11D3-BF4B-00C04F79EFBC}") = "ADETQ2_PETERPAUL_CLEMENTE", "ADETQ2_PETERPAUL_CLEMENTE\ADETQ2_PETERPAUL_CLEMENTE.csproj", "{3A2E0F34-B731-425D-950D-9A90B17DD06C}"
EndProject
Global
	GlobalSection(SolutionConfigurationPlatforms) = preSolution
		Debug|Any CPU = Debug|Any CPU
		Release|Any CPU = Release|Any CPU
	EndGlobalSection
	GlobalSection(ProjectConfigurationPlatforms) = postSolution
		{3A2E0F34-B731-425D-950D-9A90B17DD06C}.Debug|Any CPU.ActiveCfg = Debug|Any CPU
		{3A2E0F34-B731-425D-950D-9A90B17DD06C}.Debug|Any CPU.Build.0 = Debug|Any CPU
		{3A2E0F34-B731-425D-950D-9A90B17DD06C}.Release|Any CPU.ActiveCfg = Release|Any CPU
		{3A2E0F34-B731-425D-950D-9A90B17DD06C}.Release|Any CPU.Build.0 = Release|Any CPU
	EndGlobalSection
	GlobalSection(SolutionProperties) = preSolution
		HideSolutionNode = FALSE
	EndGlobalSection
	GlobalSection(ExtensibilityGlobals) = postSolution
		SolutionGuid = {CBA1DDCA-1283-45EC-961C-DD6F2882B082}
	EndGlobalSection
EndGlobal
